// !$*UTF8*$!
{
	archiveVersion = 1;
	classes = {
	};
	objectVersion = 46;
	objects = {

/* Begin PBXBuildFile section */
		16F999921EBF4D8E00051E48 /* AppDelegate.swift in Sources */ = {isa = PBXBuildFile; fileRef = 16F999911EBF4D8E00051E48 /* AppDelegate.swift */; };
		16F999941EBF4D8E00051E48 /* ViewController.swift in Sources */ = {isa = PBXBuildFile; fileRef = 16F999931EBF4D8E00051E48 /* ViewController.swift */; };
		16F999971EBF4D8E00051E48 /* Main.storyboard in Resources */ = {isa = PBXBuildFile; fileRef = 16F999951EBF4D8E00051E48 /* Main.storyboard */; };
		16F9999A1EBF4D8E00051E48 /* DoorBellPiIOS.xcdatamodeld in Sources */ = {isa = PBXBuildFile; fileRef = 16F999981EBF4D8E00051E48 /* DoorBellPiIOS.xcdatamodeld */; };
		16F9999C1EBF4D8E00051E48 /* Assets.xcassets in Resources */ = {isa = PBXBuildFile; fileRef = 16F9999B1EBF4D8E00051E48 /* Assets.xcassets */; };
		16F9999F1EBF4D8E00051E48 /* LaunchScreen.storyboard in Resources */ = {isa = PBXBuildFile; fileRef = 16F9999D1EBF4D8E00051E48 /* LaunchScreen.storyboard */; };
		16F999AA1EBF4D8E00051E48 /* DoorBellPiIOSTests.swift in Sources */ = {isa = PBXBuildFile; fileRef = 16F999A91EBF4D8E00051E48 /* DoorBellPiIOSTests.swift */; };
/* End PBXBuildFile section */

/* Begin PBXContainerItemProxy section */
		16F999A61EBF4D8E00051E48 /* PBXContainerItemProxy */ = {
			isa = PBXContainerItemProxy;
			containerPortal = 16F999861EBF4D8E00051E48 /* Project object */;
			proxyType = 1;
			remoteGlobalIDString = 16F9998D1EBF4D8E00051E48;
			remoteInfo = DoorBellPiIOS;
		};
/* End PBXContainerItemProxy section */

/* Begin PBXFileReference section */
		16F9998E1EBF4D8E00051E48 /* DoorBellPiIOS.app */ = {isa = PBXFileReference; explicitFileType = wrapper.application; includeInIndex = 0; path = DoorBellPiIOS.app; sourceTree = BUILT_PRODUCTS_DIR; };
		16F999911EBF4D8E00051E48 /* AppDelegate.swift */ = {isa = PBXFileReference; lastKnownFileType = sourcecode.swift; path = AppDelegate.swift; sourceTree = "<group>"; };
		16F999931EBF4D8E00051E48 /* ViewController.swift */ = {isa = PBXFileReference; lastKnownFileType = sourcecode.swift; path = ViewController.swift; sourceTree = "<group>"; };
		16F999961EBF4D8E00051E48 /* Base */ = {isa = PBXFileReference; lastKnownFileType = file.storyboard; name = Base; path = Base.lproj/Main.storyboard; sourceTree = "<group>"; };
		16F999991EBF4D8E00051E48 /* DoorBellPiIOS.xcdatamodel */ = {isa = PBXFileReference; lastKnownFileType = wrapper.xcdatamodel; path = DoorBellPiIOS.xcdatamodel; sourceTree = "<group>"; };
		16F9999B1EBF4D8E00051E48 /* Assets.xcassets */ = {isa = PBXFileReference; lastKnownFileType = folder.assetcatalog; path = Assets.xcassets; sourceTree = "<group>"; };
		16F9999E1EBF4D8E00051E48 /* Base */ = {isa = PBXFileReference; lastKnownFileType = file.storyboard; name = Base; path = Base.lproj/LaunchScreen.storyboard; sourceTree = "<group>"; };
		16F999A01EBF4D8E00051E48 /* Info.plist */ = {isa = PBXFileReference; lastKnownFileType = text.plist.xml; path = Info.plist; sourceTree = "<group>"; };
		16F999A51EBF4D8E00051E48 /* DoorBellPiIOSTests.xctest */ = {isa = PBXFileReference; explicitFileType = wrapper.cfbundle; includeInIndex = 0; path = DoorBellPiIOSTests.xctest; sourceTree = BUILT_PRODUCTS_DIR; };
		16F999A91EBF4D8E00051E48 /* DoorBellPiIOSTests.swift */ = {isa = PBXFileReference; lastKnownFileType = sourcecode.swift; path = DoorBellPiIOSTests.swift; sourceTree = "<group>"; };
		16F999AB1EBF4D8E00051E48 /* Info.plist */ = {isa = PBXFileReference; lastKnownFileType = text.plist.xml; path = Info.plist; sourceTree = "<group>"; };
/* End PBXFileReference section */

/* Begin PBXFrameworksBuildPhase section */
		16F9998B1EBF4D8E00051E48 /* Frameworks */ = {
			isa = PBXFrameworksBuildPhase;
			buildActionMask = 2147483647;
			files = (
			);
			runOnlyForDeploymentPostprocessing = 0;
		};
		16F999A21EBF4D8E00051E48 /* Frameworks */ = {
			isa = PBXFrameworksBuildPhase;
			buildActionMask = 2147483647;
			files = (
			);
			runOnlyForDeploymentPostprocessing = 0;
		};
/* End PBXFrameworksBuildPhase section */

/* Begin PBXGroup section */
		16F999851EBF4D8E00051E48 = {
			isa = PBXGroup;
			children = (
				16F999901EBF4D8E00051E48 /* DoorBellPiIOS */,
				16F999A81EBF4D8E00051E48 /* DoorBellPiIOSTests */,
				16F9998F1EBF4D8E00051E48 /* Products */,
			);
			sourceTree = "<group>";
		};
		16F9998F1EBF4D8E00051E48 /* Products */ = {
			isa = PBXGroup;
			children = (
				16F9998E1EBF4D8E00051E48 /* DoorBellPiIOS.app */,
				16F999A51EBF4D8E00051E48 /* DoorBellPiIOSTests.xctest */,
			);
			name = Products;
			sourceTree = "<group>";
		};
		16F999901EBF4D8E00051E48 /* DoorBellPiIOS */ = {
			isa = PBXGroup;
			children = (
				16F999911EBF4D8E00051E48 /* AppDelegate.swift */,
				16F999931EBF4D8E00051E48 /* ViewController.swift */,
				16F999951EBF4D8E00051E48 /* Main.storyboard */,
				16F9999B1EBF4D8E00051E48 /* Assets.xcassets */,
				16F9999D1EBF4D8E00051E48 /* LaunchScreen.storyboard */,
				16F999A01EBF4D8E00051E48 /* Info.plist */,
				16F999981EBF4D8E00051E48 /* DoorBellPiIOS.xcdatamodeld */,
			);
			path = DoorBellPiIOS;
			sourceTree = "<group>";
		};
		16F999A81EBF4D8E00051E48 /* DoorBellPiIOSTests */ = {
			isa = PBXGroup;
			children = (
				16F999A91EBF4D8E00051E48 /* DoorBellPiIOSTests.swift */,
				16F999AB1EBF4D8E00051E48 /* Info.plist */,
			);
			path = DoorBellPiIOSTests;
			sourceTree = "<group>";
		};
/* End PBXGroup section */

/* Begin PBXNativeTarget section */
		16F9998D1EBF4D8E00051E48 /* DoorBellPiIOS */ = {
			isa = PBXNativeTarget;
			buildConfigurationList = 16F999AE1EBF4D8E00051E48 /* Build configuration list for PBXNativeTarget "DoorBellPiIOS" */;
			buildPhases = (
				16F9998A1EBF4D8E00051E48 /* Sources */,
				16F9998B1EBF4D8E00051E48 /* Frameworks */,
				16F9998C1EBF4D8E00051E48 /* Resources */,
			);
			buildRules = (
			);
			dependencies = (
			);
			name = DoorBellPiIOS;
			productName = DoorBellPiIOS;
			productReference = 16F9998E1EBF4D8E00051E48 /* DoorBellPiIOS.app */;
			productType = "com.apple.product-type.application";
		};
		16F999A41EBF4D8E00051E48 /* DoorBellPiIOSTests */ = {
			isa = PBXNativeTarget;
			buildConfigurationList = 16F999B11EBF4D8E00051E48 /* Build configuration list for PBXNativeTarget "DoorBellPiIOSTests" */;
			buildPhases = (
				16F999A11EBF4D8E00051E48 /* Sources */,
				16F999A21EBF4D8E00051E48 /* Frameworks */,
				16F999A31EBF4D8E00051E48 /* Resources */,
			);
			buildRules = (
			);
			dependencies = (
				16F999A71EBF4D8E00051E48 /* PBXTargetDependency */,
			);
			name = DoorBellPiIOSTests;
			productName = DoorBellPiIOSTests;
			productReference = 16F999A51EBF4D8E00051E48 /* DoorBellPiIOSTests.xctest */;
			productType = "com.apple.product-type.bundle.unit-test";
		};
/* End PBXNativeTarget section */

/* Begin PBXProject section */
		16F999861EBF4D8E00051E48 /* Project object */ = {
			isa = PBXProject;
			attributes = {
				LastSwiftUpdateCheck = 0830;
				LastUpgradeCheck = 0830;
				ORGANIZATIONNAME = 2Luglios;
				TargetAttributes = {
					16F9998D1EBF4D8E00051E48 = {
						CreatedOnToolsVersion = 8.3.2;
						DevelopmentTeam = P5NJ75969Q;
						ProvisioningStyle = Automatic;
					};
					16F999A41EBF4D8E00051E48 = {
						CreatedOnToolsVersion = 8.3.2;
						DevelopmentTeam = P5NJ75969Q;
						ProvisioningStyle = Automatic;
						TestTargetID = 16F9998D1EBF4D8E00051E48;
					};
				};
			};
			buildConfigurationList = 16F999891EBF4D8E00051E48 /* Build configuration list for PBXProject "DoorBellPiIOS" */;
			compatibilityVersion = "Xcode 3.2";
			developmentRegion = English;
			hasScannedForEncodings = 0;
			knownRegions = (
				en,
				Base,
			);
			mainGroup = 16F999851EBF4D8E00051E48;
			productRefGroup = 16F9998F1EBF4D8E00051E48 /* Products */;
			projectDirPath = "";
			projectRoot = "";
			targets = (
				16F9998D1EBF4D8E00051E48 /* DoorBellPiIOS */,
				16F999A41EBF4D8E00051E48 /* DoorBellPiIOSTests */,
			);
		};
/* End PBXProject section */

/* Begin PBXResourcesBuildPhase section */
		16F9998C1EBF4D8E00051E48 /* Resources */ = {
			isa = PBXResourcesBuildPhase;
			buildActionMask = 2147483647;
			files = (
				16F9999F1EBF4D8E00051E48 /* LaunchScreen.storyboard in Resources */,
				16F9999C1EBF4D8E00051E48 /* Assets.xcassets in Resources */,
				16F999971EBF4D8E00051E48 /* Main.storyboard in Resources */,
			);
			runOnlyForDeploymentPostprocessing = 0;
		};
		16F999A31EBF4D8E00051E48 /* Resources */ = {
			isa = PBXResourcesBuildPhase;
			buildActionMask = 2147483647;
			files = (
			);
			runOnlyForDeploymentPostprocessing = 0;
		};
/* End PBXResourcesBuildPhase section */

/* Begin PBXSourcesBuildPhase section */
		16F9998A1EBF4D8E00051E48 /* Sources */ = {
			isa = PBXSourcesBuildPhase;
			buildActionMask = 2147483647;
			files = (
				16F999941EBF4D8E00051E48 /* ViewController.swift in Sources */,
				16F9999A1EBF4D8E00051E48 /* DoorBellPiIOS.xcdatamodeld in Sources */,
				16F999921EBF4D8E00051E48 /* AppDelegate.swift in Sources */,
			);
			runOnlyForDeploymentPostprocessing = 0;
		};
		16F999A11EBF4D8E00051E48 /* Sources */ = {
			isa = PBXSourcesBuildPhase;
			buildActionMask = 2147483647;
			files = (
				16F999AA1EBF4D8E00051E48 /* DoorBellPiIOSTests.swift in Sources */,
			);
			runOnlyForDeploymentPostprocessing = 0;
		};
/* End PBXSourcesBuildPhase section */

/* Begin PBXTargetDependency section */
		16F999A71EBF4D8E00051E48 /* PBXTargetDependency */ = {
			isa = PBXTargetDependency;
			target = 16F9998D1EBF4D8E00051E48 /* DoorBellPiIOS */;
			targetProxy = 16F999A61EBF4D8E00051E48 /* PBXContainerItemProxy */;
		};
/* End PBXTargetDependency section */

/* Begin PBXVariantGroup section */
		16F999951EBF4D8E00051E48 /* Main.storyboard */ = {
			isa = PBXVariantGroup;
			children = (
				16F999961EBF4D8E00051E48 /* Base */,
			);
			name = Main.storyboard;
			sourceTree = "<group>";
		};
		16F9999D1EBF4D8E00051E48 /* LaunchScreen.storyboard */ = {
			isa = PBXVariantGroup;
			children = (
				16F9999E1EBF4D8E00051E48 /* Base */,
			);
			name = LaunchScreen.storyboard;
			sourceTree = "<group>";
		};
/* End PBXVariantGroup section */

/* Begin XCBuildConfiguration section */
		16F999AC1EBF4D8E00051E48 /* Debug */ = {
			isa = XCBuildConfiguration;
			buildSettings = {
				ALWAYS_SEARCH_USER_PATHS = NO;
				CLANG_ANALYZER_NONNULL = YES;
				CLANG_ANALYZER_NUMBER_OBJECT_CONVERSION = YES_AGGRESSIVE;
				CLANG_CXX_LANGUAGE_STANDARD = "gnu++0x";
				CLANG_CXX_LIBRARY = "libc++";
				CLANG_ENABLE_MODULES = YES;
				CLANG_ENABLE_OBJC_ARC = YES;
				CLANG_WARN_BOOL_CONVERSION = YES;
				CLANG_WARN_CONSTANT_CONVERSION = YES;
				CLANG_WARN_DIRECT_OBJC_ISA_USAGE = YES_ERROR;
				CLANG_WARN_DOCUMENTATION_COMMENTS = YES;
				CLANG_WARN_EMPTY_BODY = YES;
				CLANG_WARN_ENUM_CONVERSION = YES;
				CLANG_WARN_INFINITE_RECURSION = YES;
				CLANG_WARN_INT_CONVERSION = YES;
				CLANG_WARN_OBJC_ROOT_CLASS = YES_ERROR;
				CLANG_WARN_SUSPICIOUS_MOVE = YES;
				CLANG_WARN_UNREACHABLE_CODE = YES;
				CLANG_WARN__DUPLICATE_METHOD_MATCH = YES;
				"CODE_SIGN_IDENTITY[sdk=iphoneos*]" = "iPhone Developer";
				COPY_PHASE_STRIP = NO;
				DEBUG_INFORMATION_FORMAT = dwarf;
				ENABLE_STRICT_OBJC_MSGSEND = YES;
				ENABLE_TESTABILITY = YES;
				GCC_C_LANGUAGE_STANDARD = gnu99;
				GCC_DYNAMIC_NO_PIC = NO;
				GCC_NO_COMMON_BLOCKS = YES;
				GCC_OPTIMIZATION_LEVEL = 0;
				GCC_PREPROCESSOR_DEFINITIONS = (
					"DEBUG=1",
					"$(inherited)",
				);
				GCC_WARN_64_TO_32_BIT_CONVERSION = YES;
				GCC_WARN_ABOUT_RETURN_TYPE = YES_ERROR;
				GCC_WARN_UNDECLARED_SELECTOR = YES;
				GCC_WARN_UNINITIALIZED_AUTOS = YES_AGGRESSIVE;
				GCC_WARN_UNUSED_FUNCTION = YES;
				GCC_WARN_UNUSED_VARIABLE = YES;
				IPHONEOS_DEPLOYMENT_TARGET = 10.3;
				MTL_ENABLE_DEBUG_INFO = YES;
				ONLY_ACTIVE_ARCH = YES;
				SDKROOT = iphoneos;
				SWIFT_ACTIVE_COMPILATION_CONDITIONS = DEBUG;
				SWIFT_OPTIMIZATION_LEVEL = "-Onone";
				TARGETED_DEVICE_FAMILY = "1,2";
			};
			name = Debug;
		};
		16F999AD1EBF4D8E00051E48 /* Release */ = {
			isa = XCBuildConfiguration;
			buildSettings = {
				ALWAYS_SEARCH_USER_PATHS = NO;
				CLANG_ANALYZER_NONNULL = YES;
				CLANG_ANALYZER_NUMBER_OBJECT_CONVERSION = YES_AGGRESSIVE;
				CLANG_CXX_LANGUAGE_STANDARD = "gnu++0x";
				CLANG_CXX_LIBRARY = "libc++";
				CLANG_ENABLE_MODULES = YES;
				CLANG_ENABLE_OBJC_ARC = YES;
				CLANG_WARN_BOOL_CONVERSION = YES;
				CLANG_WARN_CONSTANT_CONVERSION = YES;
				CLANG_WARN_DIRECT_OBJC_ISA_USAGE = YES_ERROR;
				CLANG_WARN_DOCUMENTATION_COMMENTS = YES;
				CLANG_WARN_EMPTY_BODY = YES;
				CLANG_WARN_ENUM_CONVERSION = YES;
				CLANG_WARN_INFINITE_RECURSION = YES;
				CLANG_WARN_INT_CONVERSION = YES;
				CLANG_WARN_OBJC_ROOT_CLASS = YES_ERROR;
				CLANG_WARN_SUSPICIOUS_MOVE = YES;
				CLANG_WARN_UNREACHABLE_CODE = YES;
				CLANG_WARN__DUPLICATE_METHOD_MATCH = YES;
				"CODE_SIGN_IDENTITY[sdk=iphoneos*]" = "iPhone Developer";
				COPY_PHASE_STRIP = NO;
				DEBUG_INFORMATION_FORMAT = "dwarf-with-dsym";
				ENABLE_NS_ASSERTIONS = NO;
				ENABLE_STRICT_OBJC_MSGSEND = YES;
				GCC_C_LANGUAGE_STANDARD = gnu99;
				GCC_NO_COMMON_BLOCKS = YES;
				GCC_WARN_64_TO_32_BIT_CONVERSION = YES;
				GCC_WARN_ABOUT_RETURN_TYPE = YES_ERROR;
				GCC_WARN_UNDECLARED_SELECTOR = YES;
				GCC_WARN_UNINITIALIZED_AUTOS = YES_AGGRESSIVE;
				GCC_WARN_UNUSED_FUNCTION = YES;
				GCC_WARN_UNUSED_VARIABLE = YES;
				IPHONEOS_DEPLOYMENT_TARGET = 10.3;
				MTL_ENABLE_DEBUG_INFO = NO;
				SDKROOT = iphoneos;
				SWIFT_OPTIMIZATION_LEVEL = "-Owholemodule";
				TARGETED_DEVICE_FAMILY = "1,2";
				VALIDATE_PRODUCT = YES;
			};
			name = Release;
		};
		16F999AF1EBF4D8E00051E48 /* Debug */ = {
			isa = XCBuildConfiguration;
			buildSettings = {
				ASSETCATALOG_COMPILER_APPICON_NAME = AppIcon;
				DEVELOPMENT_TEAM = P5NJ75969Q;
				INFOPLIST_FILE = DoorBellPiIOS/Info.plist;
				LD_RUNPATH_SEARCH_PATHS = "$(inherited) @executable_path/Frameworks";
				PRODUCT_BUNDLE_IDENTIFIER = "-luglios.com.br.DoorBellPiIOS";
				PRODUCT_NAME = "$(TARGET_NAME)";
				SWIFT_VERSION = 3.0;
			};
			name = Debug;
		};
		16F999B01EBF4D8E00051E48 /* Release */ = {
			isa = XCBuildConfiguration;
			buildSettings = {
				ASSETCATALOG_COMPILER_APPICON_NAME = AppIcon;
				DEVELOPMENT_TEAM = P5NJ75969Q;
				INFOPLIST_FILE = DoorBellPiIOS/Info.plist;
				LD_RUNPATH_SEARCH_PATHS = "$(inherited) @executable_path/Frameworks";
				PRODUCT_BUNDLE_IDENTIFIER = "-luglios.com.br.DoorBellPiIOS";
				PRODUCT_NAME = "$(TARGET_NAME)";
				SWIFT_VERSION = 3.0;
			};
			name = Release;
		};
		16F999B21EBF4D8E00051E48 /* Debug */ = {
			isa = XCBuildConfiguration;
			buildSettings = {
				ALWAYS_EMBED_SWIFT_STANDARD_LIBRARIES = YES;
				BUNDLE_LOADER = "$(TEST_HOST)";
				DEVELOPMENT_TEAM = P5NJ75969Q;
				INFOPLIST_FILE = DoorBellPiIOSTests/Info.plist;
				LD_RUNPATH_SEARCH_PATHS = "$(inherited) @executable_path/Frameworks @loader_path/Frameworks";
				PRODUCT_BUNDLE_IDENTIFIER = "-luglios.com.br.DoorBellPiIOSTests";
				PRODUCT_NAME = "$(TARGET_NAME)";
				SWIFT_VERSION = 3.0;
				TEST_HOST = "$(BUILT_PRODUCTS_DIR)/DoorBellPiIOS.app/DoorBellPiIOS";
			};
			name = Debug;
		};
		16F999B31EBF4D8E00051E48 /* Release */ = {
			isa = XCBuildConfiguration;
			buildSettings = {
				ALWAYS_EMBED_SWIFT_STANDARD_LIBRARIES = YES;
				BUNDLE_LOADER = "$(TEST_HOST)";
				DEVELOPMENT_TEAM = P5NJ75969Q;
				INFOPLIST_FILE = DoorBellPiIOSTests/Info.plist;
				LD_RUNPATH_SEARCH_PATHS = "$(inherited) @executable_path/Frameworks @loader_path/Frameworks";
				PRODUCT_BUNDLE_IDENTIFIER = "-luglios.com.br.DoorBellPiIOSTests";
				PRODUCT_NAME = "$(TARGET_NAME)";
				SWIFT_VERSION = 3.0;
				TEST_HOST = "$(BUILT_PRODUCTS_DIR)/DoorBellPiIOS.app/DoorBellPiIOS";
			};
			name = Release;
		};
/* End XCBuildConfiguration section */

/* Begin XCConfigurationList section */
		16F999891EBF4D8E00051E48 /* Build configuration list for PBXProject "DoorBellPiIOS" */ = {
			isa = XCConfigurationList;
			buildConfigurations = (
				16F999AC1EBF4D8E00051E48 /* Debug */,
				16F999AD1EBF4D8E00051E48 /* Release */,
			);
			defaultConfigurationIsVisible = 0;
			defaultConfigurationName = Release;
		};
		16F999AE1EBF4D8E00051E48 /* Build configuration list for PBXNativeTarget "DoorBellPiIOS" */ = {
			isa = XCConfigurationList;
			buildConfigurations = (
				16F999AF1EBF4D8E00051E48 /* Debug */,
				16F999B01EBF4D8E00051E48 /* Release */,
			);
			defaultConfigurationIsVisible = 0;
		};
		16F999B11EBF4D8E00051E48 /* Build configuration list for PBXNativeTarget "DoorBellPiIOSTests" */ = {
			isa = XCConfigurationList;
			buildConfigurations = (
				16F999B21EBF4D8E00051E48 /* Debug */,
				16F999B31EBF4D8E00051E48 /* Release */,
			);
			defaultConfigurationIsVisible = 0;
		};
/* End XCConfigurationList section */

/* Begin XCVersionGroup section */
		16F999981EBF4D8E00051E48 /* DoorBellPiIOS.xcdatamodeld */ = {
			isa = XCVersionGroup;
			children = (
				16F999991EBF4D8E00051E48 /* DoorBellPiIOS.xcdatamodel */,
			);
			currentVersion = 16F999991EBF4D8E00051E48 /* DoorBellPiIOS.xcdatamodel */;
			path = DoorBellPiIOS.xcdatamodeld;
			sourceTree = "<group>";
			versionGroupType = wrapper.xcdatamodel;
		};
/* End XCVersionGroup section */
	};
	rootObject = 16F999861EBF4D8E00051E48 /* Project object */;
}
